
Microsoft Visual Studio Solution File, Format Version 12.00
# Visual Studio 14
VisualStudioVersion = 14.0.25123.0
MinimumVisualStudioVersion = 10.0.40219.1
Project("{FAE04EC0-301F-11D3-BF4B-00C04F79EFBC}") = "Node", "Node\Node.csproj", "{3528AC28-C855-407B-91B2-DE944FF4D0E1}"
EndProject
Project("{FAE04EC0-301F-11D3-BF4B-00C04F79EFBC}") = "Node.Tests", "Node.Tests\Node.Tests.csproj", "{89D02EB7-4896-47EB-A260-783CF4823851}"
EndProject
Global
	GlobalSection(SolutionConfigurationPlatforms) = preSolution
		Debug|Any CPU = Debug|Any CPU
		Release|Any CPU = Release|Any CPU
	EndGlobalSection
	GlobalSection(ProjectConfigurationPlatforms) = postSolution
		{3528AC28-C855-407B-91B2-DE944FF4D0E1}.Debug|Any CPU.ActiveCfg = Debug|Any CPU
		{3528AC28-C855-407B-91B2-DE944FF4D0E1}.Debug|Any CPU.Build.0 = Debug|Any CPU
		{3528AC28-C855-407B-91B2-DE944FF4D0E1}.Release|Any CPU.ActiveCfg = Release|Any CPU
		{3528AC28-C855-407B-91B2-DE944FF4D0E1}.Release|Any CPU.Build.0 = Release|Any CPU
		{89D02EB7-4896-47EB-A260-783CF4823851}.Debug|Any CPU.ActiveCfg = Debug|Any CPU
		{89D02EB7-4896-47EB-A260-783CF4823851}.Debug|Any CPU.Build.0 = Debug|Any CPU
		{89D02EB7-4896-47EB-A260-783CF4823851}.Release|Any CPU.ActiveCfg = Release|Any CPU
		{89D02EB7-4896-47EB-A260-783CF4823851}.Release|Any CPU.Build.0 = Release|Any CPU
	EndGlobalSection
	GlobalSection(SolutionProperties) = preSolution
		HideSolutionNode = FALSE
	EndGlobalSection
EndGlobal
